// !$*UTF8*$!
{
	archiveVersion = 1;
	classes = {
	};
	objectVersion = 77;
	objects = {

/* Begin PBXBuildFile section */
		0BB32B23300BC3F600DAD040 /* Pods_eWonicAppTests.framework in Frameworks */ = {isa = PBXBuildFile; fileRef = CA572151C49BB967A3C29A57 /* Pods_eWonicAppTests.framework */; };
		1C46D6342DDB84010046F66D /* Translation.framework in Frameworks */ = {isa = PBXBuildFile; fileRef = 1C46D6332DDB84010046F66D /* Translation.framework */; };
		B79182000153987D6AE984E3 /* Pods_eWonicApp.framework in Frameworks */ = {isa = PBXBuildFile; fileRef = 04384CD347FBBBAA7AF10C36 /* Pods_eWonicApp.framework */; };
		DD8CEC14CCFD72E2708B7294 /* Pods_eWonicAppUITests.framework in Frameworks */ = {isa = PBXBuildFile; fileRef = D8FF47B0D2D717EA9416BCC0 /* Pods_eWonicAppUITests.framework */; };
/* End PBXBuildFile section */

/* Begin PBXContainerItemProxy section */
		1C46D6032DDA85410046F66D /* PBXContainerItemProxy */ = {
			isa = PBXContainerItemProxy;
			containerPortal = 1C46D5E42DDA85400046F66D /* Project object */;
			proxyType = 1;
			remoteGlobalIDString = 1C46D5EB2DDA85400046F66D;
			remoteInfo = eWonicApp;
		};
		1C46D60D2DDA85410046F66D /* PBXContainerItemProxy */ = {
			isa = PBXContainerItemProxy;
			containerPortal = 1C46D5E42DDA85400046F66D /* Project object */;
			proxyType = 1;
			remoteGlobalIDString = 1C46D5EB2DDA85400046F66D;
			remoteInfo = eWonicApp;
		};
/* End PBXContainerItemProxy section */

/* Begin PBXFileReference section */
		04384CD347FBBBAA7AF10C36 /* Pods_eWonicApp.framework */ = {isa = PBXFileReference; explicitFileType = wrapper.framework; includeInIndex = 0; path = Pods_eWonicApp.framework; sourceTree = BUILT_PRODUCTS_DIR; };
		1C46D5EC2DDA85400046F66D /* eWonicApp.app */ = {isa = PBXFileReference; explicitFileType = wrapper.application; includeInIndex = 0; path = eWonicApp.app; sourceTree = BUILT_PRODUCTS_DIR; };
		1C46D6022DDA85410046F66D /* eWonicAppTests.xctest */ = {isa = PBXFileReference; explicitFileType = wrapper.cfbundle; includeInIndex = 0; path = eWonicAppTests.xctest; sourceTree = BUILT_PRODUCTS_DIR; };
		1C46D60C2DDA85410046F66D /* eWonicAppUITests.xctest */ = {isa = PBXFileReference; explicitFileType = wrapper.cfbundle; includeInIndex = 0; path = eWonicAppUITests.xctest; sourceTree = BUILT_PRODUCTS_DIR; };
		1C46D6332DDB84010046F66D /* Translation.framework */ = {isa = PBXFileReference; lastKnownFileType = wrapper.framework; name = Translation.framework; path = System/Library/Frameworks/Translation.framework; sourceTree = SDKROOT; };
		42F6672027AF3790E10B13BD /* Pods-eWonicApp.release.xcconfig */ = {isa = PBXFileReference; includeInIndex = 1; lastKnownFileType = text.xcconfig; name = "Pods-eWonicApp.release.xcconfig"; path = "Target Support Files/Pods-eWonicApp/Pods-eWonicApp.release.xcconfig"; sourceTree = "<group>"; };
		601F316D57A325743FE9C3C0 /* Pods-eWonicAppUITests.debug.xcconfig */ = {isa = PBXFileReference; includeInIndex = 1; lastKnownFileType = text.xcconfig; name = "Pods-eWonicAppUITests.debug.xcconfig"; path = "Target Support Files/Pods-eWonicAppUITests/Pods-eWonicAppUITests.debug.xcconfig"; sourceTree = "<group>"; };
		7AB43F22F141D7BD8266D5FB /* Pods-eWonicAppTests.release.xcconfig */ = {isa = PBXFileReference; includeInIndex = 1; lastKnownFileType = text.xcconfig; name = "Pods-eWonicAppTests.release.xcconfig"; path = "Target Support Files/Pods-eWonicAppTests/Pods-eWonicAppTests.release.xcconfig"; sourceTree = "<group>"; };
		8E26AF1DA2953A6A60E20F9A /* Pods-eWonicApp.debug.xcconfig */ = {isa = PBXFileReference; includeInIndex = 1; lastKnownFileType = text.xcconfig; name = "Pods-eWonicApp.debug.xcconfig"; path = "Target Support Files/Pods-eWonicApp/Pods-eWonicApp.debug.xcconfig"; sourceTree = "<group>"; };
		BDA2495CF5A31A2DD9A71D67 /* Pods-eWonicAppUITests.release.xcconfig */ = {isa = PBXFileReference; includeInIndex = 1; lastKnownFileType = text.xcconfig; name = "Pods-eWonicAppUITests.release.xcconfig"; path = "Target Support Files/Pods-eWonicAppUITests/Pods-eWonicAppUITests.release.xcconfig"; sourceTree = "<group>"; };
		CA572151C49BB967A3C29A57 /* Pods_eWonicAppTests.framework */ = {isa = PBXFileReference; explicitFileType = wrapper.framework; includeInIndex = 0; path = Pods_eWonicAppTests.framework; sourceTree = BUILT_PRODUCTS_DIR; };
		D8FF47B0D2D717EA9416BCC0 /* Pods_eWonicAppUITests.framework */ = {isa = PBXFileReference; explicitFileType = wrapper.framework; includeInIndex = 0; path = Pods_eWonicAppUITests.framework; sourceTree = BUILT_PRODUCTS_DIR; };
		E3C68EBDE5AD82FCB4C2C8C8 /* Pods-eWonicAppTests.debug.xcconfig */ = {isa = PBXFileReference; includeInIndex = 1; lastKnownFileType = text.xcconfig; name = "Pods-eWonicAppTests.debug.xcconfig"; path = "Target Support Files/Pods-eWonicAppTests/Pods-eWonicAppTests.debug.xcconfig"; sourceTree = "<group>"; };
/* End PBXFileReference section */

/* Begin PBXFileSystemSynchronizedBuildFileExceptionSet section */
		1C46D6142DDA85410046F66D /* Exceptions for "eWonicApp" folder in "eWonicApp" target */ = {
			isa = PBXFileSystemSynchronizedBuildFileExceptionSet;
			membershipExceptions = (
				Info.plist,
			);
			target = 1C46D5EB2DDA85400046F66D /* eWonicApp */;
		};
/* End PBXFileSystemSynchronizedBuildFileExceptionSet section */

/* Begin PBXFileSystemSynchronizedRootGroup section */
		1C46D5EE2DDA85400046F66D /* eWonicApp */ = {
			isa = PBXFileSystemSynchronizedRootGroup;
			exceptions = (
				1C46D6142DDA85410046F66D /* Exceptions for "eWonicApp" folder in "eWonicApp" target */,
			);
			path = eWonicApp;
			sourceTree = "<group>";
		};
		1C46D6052DDA85410046F66D /* eWonicAppTests */ = {
			isa = PBXFileSystemSynchronizedRootGroup;
			path = eWonicAppTests;
			sourceTree = "<group>";
		};
		1C46D60F2DDA85410046F66D /* eWonicAppUITests */ = {
			isa = PBXFileSystemSynchronizedRootGroup;
			path = eWonicAppUITests;
			sourceTree = "<group>";
		};
/* End PBXFileSystemSynchronizedRootGroup section */

/* Begin PBXFrameworksBuildPhase section */
		1C46D5E92DDA85400046F66D /* Frameworks */ = {
			isa = PBXFrameworksBuildPhase;
			buildActionMask = 2147483647;
			files = (
				1C46D6342DDB84010046F66D /* Translation.framework in Frameworks */,
				B79182000153987D6AE984E3 /* Pods_eWonicApp.framework in Frameworks */,
			);
			runOnlyForDeploymentPostprocessing = 0;
		};
		1C46D5FF2DDA85410046F66D /* Frameworks */ = {
			isa = PBXFrameworksBuildPhase;
			buildActionMask = 2147483647;
			files = (
				0BB32B23300BC3F600DAD040 /* Pods_eWonicAppTests.framework in Frameworks */,
			);
			runOnlyForDeploymentPostprocessing = 0;
		};
		1C46D6092DDA85410046F66D /* Frameworks */ = {
			isa = PBXFrameworksBuildPhase;
			buildActionMask = 2147483647;
			files = (
				DD8CEC14CCFD72E2708B7294 /* Pods_eWonicAppUITests.framework in Frameworks */,
			);
			runOnlyForDeploymentPostprocessing = 0;
		};
/* End PBXFrameworksBuildPhase section */

/* Begin PBXGroup section */
		1C46D5E32DDA85400046F66D = {
			isa = PBXGroup;
			children = (
				1C46D5EE2DDA85400046F66D /* eWonicApp */,
				1C46D6052DDA85410046F66D /* eWonicAppTests */,
				1C46D60F2DDA85410046F66D /* eWonicAppUITests */,
				1C46D6322DDB84000046F66D /* Frameworks */,
				1C46D5ED2DDA85400046F66D /* Products */,
				E7420F158BE40AC13A37B4F0 /* Pods */,
			);
			sourceTree = "<group>";
		};
		1C46D5ED2DDA85400046F66D /* Products */ = {
			isa = PBXGroup;
			children = (
				1C46D5EC2DDA85400046F66D /* eWonicApp.app */,
				1C46D6022DDA85410046F66D /* eWonicAppTests.xctest */,
				1C46D60C2DDA85410046F66D /* eWonicAppUITests.xctest */,
			);
			name = Products;
			sourceTree = "<group>";
		};
		1C46D6322DDB84000046F66D /* Frameworks */ = {
			isa = PBXGroup;
			children = (
				1C46D6332DDB84010046F66D /* Translation.framework */,
				04384CD347FBBBAA7AF10C36 /* Pods_eWonicApp.framework */,
				CA572151C49BB967A3C29A57 /* Pods_eWonicAppTests.framework */,
				D8FF47B0D2D717EA9416BCC0 /* Pods_eWonicAppUITests.framework */,
			);
			name = Frameworks;
			sourceTree = "<group>";
		};
		E7420F158BE40AC13A37B4F0 /* Pods */ = {
			isa = PBXGroup;
			children = (
				8E26AF1DA2953A6A60E20F9A /* Pods-eWonicApp.debug.xcconfig */,
				42F6672027AF3790E10B13BD /* Pods-eWonicApp.release.xcconfig */,
				E3C68EBDE5AD82FCB4C2C8C8 /* Pods-eWonicAppTests.debug.xcconfig */,
				7AB43F22F141D7BD8266D5FB /* Pods-eWonicAppTests.release.xcconfig */,
				601F316D57A325743FE9C3C0 /* Pods-eWonicAppUITests.debug.xcconfig */,
				BDA2495CF5A31A2DD9A71D67 /* Pods-eWonicAppUITests.release.xcconfig */,
			);
			path = Pods;
			sourceTree = "<group>";
		};
/* End PBXGroup section */

/* Begin PBXNativeTarget section */
		1C46D5EB2DDA85400046F66D /* eWonicApp */ = {
			isa = PBXNativeTarget;
			buildConfigurationList = 1C46D6152DDA85410046F66D /* Build configuration list for PBXNativeTarget "eWonicApp" */;
			buildPhases = (
				FC0793CA7730D4FF6936A4CC /* [CP] Check Pods Manifest.lock */,
				1C46D5E82DDA85400046F66D /* Sources */,
				1C46D5E92DDA85400046F66D /* Frameworks */,
				1C46D5EA2DDA85400046F66D /* Resources */,
				9E71816FF202E8CB61649657 /* [CP] Embed Pods Frameworks */,
			);
			buildRules = (
			);
			dependencies = (
			);
			fileSystemSynchronizedGroups = (
				1C46D5EE2DDA85400046F66D /* eWonicApp */,
			);
			name = eWonicApp;
			productName = eWonicApp;
			productReference = 1C46D5EC2DDA85400046F66D /* eWonicApp.app */;
			productType = "com.apple.product-type.application";
		};
		1C46D6012DDA85410046F66D /* eWonicAppTests */ = {
			isa = PBXNativeTarget;
			buildConfigurationList = 1C46D61A2DDA85410046F66D /* Build configuration list for PBXNativeTarget "eWonicAppTests" */;
			buildPhases = (
				69E3A7ADDEA2C66B3A251230 /* [CP] Check Pods Manifest.lock */,
				1C46D5FE2DDA85410046F66D /* Sources */,
				1C46D5FF2DDA85410046F66D /* Frameworks */,
				1C46D6002DDA85410046F66D /* Resources */,
			);
			buildRules = (
			);
			dependencies = (
				1C46D6042DDA85410046F66D /* PBXTargetDependency */,
			);
			fileSystemSynchronizedGroups = (
				1C46D6052DDA85410046F66D /* eWonicAppTests */,
			);
			name = eWonicAppTests;
			productName = eWonicAppTests;
			productReference = 1C46D6022DDA85410046F66D /* eWonicAppTests.xctest */;
			productType = "com.apple.product-type.bundle.unit-test";
		};
		1C46D60B2DDA85410046F66D /* eWonicAppUITests */ = {
			isa = PBXNativeTarget;
			buildConfigurationList = 1C46D61D2DDA85410046F66D /* Build configuration list for PBXNativeTarget "eWonicAppUITests" */;
			buildPhases = (
				3DBBF668B15097E8CC9C6D50 /* [CP] Check Pods Manifest.lock */,
				1C46D6082DDA85410046F66D /* Sources */,
				1C46D6092DDA85410046F66D /* Frameworks */,
				1C46D60A2DDA85410046F66D /* Resources */,
			);
			buildRules = (
			);
			dependencies = (
				1C46D60E2DDA85410046F66D /* PBXTargetDependency */,
			);
			fileSystemSynchronizedGroups = (
				1C46D60F2DDA85410046F66D /* eWonicAppUITests */,
			);
			name = eWonicAppUITests;
			productName = eWonicAppUITests;
			productReference = 1C46D60C2DDA85410046F66D /* eWonicAppUITests.xctest */;
			productType = "com.apple.product-type.bundle.ui-testing";
		};
/* End PBXNativeTarget section */

/* Begin PBXProject section */
		1C46D5E42DDA85400046F66D /* Project object */ = {
			isa = PBXProject;
			attributes = {
				BuildIndependentTargetsInParallel = 1;
				LastSwiftUpdateCheck = 1630;
				LastUpgradeCheck = 1630;
				TargetAttributes = {
					1C46D5EB2DDA85400046F66D = {
						CreatedOnToolsVersion = 16.3;
					};
					1C46D6012DDA85410046F66D = {
						CreatedOnToolsVersion = 16.3;
						TestTargetID = 1C46D5EB2DDA85400046F66D;
					};
					1C46D60B2DDA85410046F66D = {
						CreatedOnToolsVersion = 16.3;
						TestTargetID = 1C46D5EB2DDA85400046F66D;
					};
				};
			};
			buildConfigurationList = 1C46D5E72DDA85400046F66D /* Build configuration list for PBXProject "eWonicApp" */;
			developmentRegion = en;
			hasScannedForEncodings = 0;
			knownRegions = (
				en,
				Base,
			);
			mainGroup = 1C46D5E32DDA85400046F66D;
			minimizedProjectReferenceProxies = 1;
			preferredProjectObjectVersion = 77;
			productRefGroup = 1C46D5ED2DDA85400046F66D /* Products */;
			projectDirPath = "";
			projectRoot = "";
			targets = (
				1C46D5EB2DDA85400046F66D /* eWonicApp */,
				1C46D6012DDA85410046F66D /* eWonicAppTests */,
				1C46D60B2DDA85410046F66D /* eWonicAppUITests */,
			);
		};
/* End PBXProject section */

/* Begin PBXResourcesBuildPhase section */
		1C46D5EA2DDA85400046F66D /* Resources */ = {
			isa = PBXResourcesBuildPhase;
			buildActionMask = 2147483647;
			files = (
			);
			runOnlyForDeploymentPostprocessing = 0;
		};
		1C46D6002DDA85410046F66D /* Resources */ = {
			isa = PBXResourcesBuildPhase;
			buildActionMask = 2147483647;
			files = (
			);
			runOnlyForDeploymentPostprocessing = 0;
		};
		1C46D60A2DDA85410046F66D /* Resources */ = {
			isa = PBXResourcesBuildPhase;
			buildActionMask = 2147483647;
			files = (
			);
			runOnlyForDeploymentPostprocessing = 0;
		};
/* End PBXResourcesBuildPhase section */

/* Begin PBXShellScriptBuildPhase section */
		3DBBF668B15097E8CC9C6D50 /* [CP] Check Pods Manifest.lock */ = {
			isa = PBXShellScriptBuildPhase;
			buildActionMask = 2147483647;
			files = (
			);
			inputFileListPaths = (
			);
			inputPaths = (
				"${PODS_PODFILE_DIR_PATH}/Podfile.lock",
				"${PODS_ROOT}/Manifest.lock",
			);
			name = "[CP] Check Pods Manifest.lock";
			outputFileListPaths = (
			);
			outputPaths = (
				"$(DERIVED_FILE_DIR)/Pods-eWonicAppUITests-checkManifestLockResult.txt",
			);
			runOnlyForDeploymentPostprocessing = 0;
			shellPath = /bin/sh;
			shellScript = "diff \"${PODS_PODFILE_DIR_PATH}/Podfile.lock\" \"${PODS_ROOT}/Manifest.lock\" > /dev/null\nif [ $? != 0 ] ; then\n    # print error to STDERR\n    echo \"error: The sandbox is not in sync with the Podfile.lock. Run 'pod install' or update your CocoaPods installation.\" >&2\n    exit 1\nfi\n# This output is used by Xcode 'outputs' to avoid re-running this script phase.\necho \"SUCCESS\" > \"${SCRIPT_OUTPUT_FILE_0}\"\n";
			showEnvVarsInLog = 0;
		};
		69E3A7ADDEA2C66B3A251230 /* [CP] Check Pods Manifest.lock */ = {
			isa = PBXShellScriptBuildPhase;
			buildActionMask = 2147483647;
			files = (
			);
			inputFileListPaths = (
			);
			inputPaths = (
				"${PODS_PODFILE_DIR_PATH}/Podfile.lock",
				"${PODS_ROOT}/Manifest.lock",
			);
			name = "[CP] Check Pods Manifest.lock";
			outputFileListPaths = (
			);
			outputPaths = (
				"$(DERIVED_FILE_DIR)/Pods-eWonicAppTests-checkManifestLockResult.txt",
			);
			runOnlyForDeploymentPostprocessing = 0;
			shellPath = /bin/sh;
			shellScript = "diff \"${PODS_PODFILE_DIR_PATH}/Podfile.lock\" \"${PODS_ROOT}/Manifest.lock\" > /dev/null\nif [ $? != 0 ] ; then\n    # print error to STDERR\n    echo \"error: The sandbox is not in sync with the Podfile.lock. Run 'pod install' or update your CocoaPods installation.\" >&2\n    exit 1\nfi\n# This output is used by Xcode 'outputs' to avoid re-running this script phase.\necho \"SUCCESS\" > \"${SCRIPT_OUTPUT_FILE_0}\"\n";
			showEnvVarsInLog = 0;
		};
		9E71816FF202E8CB61649657 /* [CP] Embed Pods Frameworks */ = {
			isa = PBXShellScriptBuildPhase;
			buildActionMask = 2147483647;
			files = (
			);
			inputFileListPaths = (
				"${PODS_ROOT}/Target Support Files/Pods-eWonicApp/Pods-eWonicApp-frameworks-${CONFIGURATION}-input-files.xcfilelist",
			);
			inputPaths = (
			);
			name = "[CP] Embed Pods Frameworks";
			outputFileListPaths = (
				"${PODS_ROOT}/Target Support Files/Pods-eWonicApp/Pods-eWonicApp-frameworks-${CONFIGURATION}-output-files.xcfilelist",
			);
			outputPaths = (
			);
			runOnlyForDeploymentPostprocessing = 0;
			shellPath = /bin/sh;
			shellScript = "\"${PODS_ROOT}/Target Support Files/Pods-eWonicApp/Pods-eWonicApp-frameworks.sh\"\n";
			showEnvVarsInLog = 0;
		};
		FC0793CA7730D4FF6936A4CC /* [CP] Check Pods Manifest.lock */ = {
			isa = PBXShellScriptBuildPhase;
			buildActionMask = 2147483647;
			files = (
			);
			inputFileListPaths = (
			);
			inputPaths = (
				"${PODS_PODFILE_DIR_PATH}/Podfile.lock",
				"${PODS_ROOT}/Manifest.lock",
			);
			name = "[CP] Check Pods Manifest.lock";
			outputFileListPaths = (
			);
			outputPaths = (
				"$(DERIVED_FILE_DIR)/Pods-eWonicApp-checkManifestLockResult.txt",
			);
			runOnlyForDeploymentPostprocessing = 0;
			shellPath = /bin/sh;
			shellScript = "diff \"${PODS_PODFILE_DIR_PATH}/Podfile.lock\" \"${PODS_ROOT}/Manifest.lock\" > /dev/null\nif [ $? != 0 ] ; then\n    # print error to STDERR\n    echo \"error: The sandbox is not in sync with the Podfile.lock. Run 'pod install' or update your CocoaPods installation.\" >&2\n    exit 1\nfi\n# This output is used by Xcode 'outputs' to avoid re-running this script phase.\necho \"SUCCESS\" > \"${SCRIPT_OUTPUT_FILE_0}\"\n";
			showEnvVarsInLog = 0;
		};
/* End PBXShellScriptBuildPhase section */

/* Begin PBXSourcesBuildPhase section */
		1C46D5E82DDA85400046F66D /* Sources */ = {
			isa = PBXSourcesBuildPhase;
			buildActionMask = 2147483647;
			files = (
			);
			runOnlyForDeploymentPostprocessing = 0;
		};
		1C46D5FE2DDA85410046F66D /* Sources */ = {
			isa = PBXSourcesBuildPhase;
			buildActionMask = 2147483647;
			files = (
			);
			runOnlyForDeploymentPostprocessing = 0;
		};
		1C46D6082DDA85410046F66D /* Sources */ = {
			isa = PBXSourcesBuildPhase;
			buildActionMask = 2147483647;
			files = (
			);
			runOnlyForDeploymentPostprocessing = 0;
		};
/* End PBXSourcesBuildPhase section */

/* Begin PBXTargetDependency section */
		1C46D6042DDA85410046F66D /* PBXTargetDependency */ = {
			isa = PBXTargetDependency;
			target = 1C46D5EB2DDA85400046F66D /* eWonicApp */;
			targetProxy = 1C46D6032DDA85410046F66D /* PBXContainerItemProxy */;
		};
		1C46D60E2DDA85410046F66D /* PBXTargetDependency */ = {
			isa = PBXTargetDependency;
			target = 1C46D5EB2DDA85400046F66D /* eWonicApp */;
			targetProxy = 1C46D60D2DDA85410046F66D /* PBXContainerItemProxy */;
		};
/* End PBXTargetDependency section */

/* Begin XCBuildConfiguration section */
		1C46D6162DDA85410046F66D /* Debug */ = {
			isa = XCBuildConfiguration;
			baseConfigurationReference = 8E26AF1DA2953A6A60E20F9A /* Pods-eWonicApp.debug.xcconfig */;
			buildSettings = {
				ASSETCATALOG_COMPILER_APPICON_NAME = AppIcon;
				ASSETCATALOG_COMPILER_GLOBAL_ACCENT_COLOR_NAME = AccentColor;
				CODE_SIGN_STYLE = Automatic;
				CURRENT_PROJECT_VERSION = 1;
				DEVELOPMENT_TEAM = 7SGAMVTHDT;
				ENABLE_USER_SCRIPT_SANDBOXING = NO;
				GENERATE_INFOPLIST_FILE = YES;
				INFOPLIST_FILE = eWonicApp/Info.plist;
				INFOPLIST_KEY_CFBundleDisplayName = eWonic;
				INFOPLIST_KEY_LSApplicationCategoryType = "public.app-category.utilities";
				INFOPLIST_KEY_NSBluetoothAlwaysUsageDescription = "This app uses Bluetooth to discover and connect with nearby peers.";
				INFOPLIST_KEY_NSLocalNetworkUsageDescription = "This app needs access to the local network to find and connect with nearby devices.";
				INFOPLIST_KEY_NSMicrophoneUsageDescription = "his app needs access to your microphone to record audio for translation.";
				INFOPLIST_KEY_NSNearbyInteractionUsageDescription = "Peer-to-peer translation uses nearby radios to exchange text.";
				INFOPLIST_KEY_NSSpeechRecognitionUsageDescription = "This app needs to recgonize speech to work";
				INFOPLIST_KEY_UIApplicationSupportsIndirectInputEvents = YES;
				INFOPLIST_KEY_UILaunchStoryboardName = LaunchScreen;
				INFOPLIST_KEY_UIMainStoryboardFile = Main;
				INFOPLIST_KEY_UISupportedInterfaceOrientations_iPad = "UIInterfaceOrientationPortrait UIInterfaceOrientationPortraitUpsideDown UIInterfaceOrientationLandscapeLeft UIInterfaceOrientationLandscapeRight";
				INFOPLIST_KEY_UISupportedInterfaceOrientations_iPhone = "UIInterfaceOrientationPortrait UIInterfaceOrientationLandscapeLeft UIInterfaceOrientationLandscapeRight";
				IPHONEOS_DEPLOYMENT_TARGET = 17.6;
				LD_RUNPATH_SEARCH_PATHS = (
					"$(inherited)",
					"@executable_path/Frameworks",
				);
				MARKETING_VERSION = 1.2;
				PRODUCT_BUNDLE_IDENTIFIER = eWonic.eWonicAppFinal;
				PRODUCT_NAME = "$(TARGET_NAME)";
				SWIFT_EMIT_LOC_STRINGS = YES;
				SWIFT_VERSION = 5.0;
				TARGETED_DEVICE_FAMILY = "1,2";
			};
			name = Debug;
		};
		1C46D6172DDA85410046F66D /* Release */ = {
			isa = XCBuildConfiguration;
			baseConfigurationReference = 42F6672027AF3790E10B13BD /* Pods-eWonicApp.release.xcconfig */;
			buildSettings = {
				ASSETCATALOG_COMPILER_APPICON_NAME = AppIcon;
				ASSETCATALOG_COMPILER_GLOBAL_ACCENT_COLOR_NAME = AccentColor;
				CODE_SIGN_STYLE = Automatic;
				CURRENT_PROJECT_VERSION = 1;
				DEVELOPMENT_TEAM = 7SGAMVTHDT;
				ENABLE_USER_SCRIPT_SANDBOXING = NO;
				GENERATE_INFOPLIST_FILE = YES;
				INFOPLIST_FILE = eWonicApp/Info.plist;
				INFOPLIST_KEY_CFBundleDisplayName = eWonic;
				INFOPLIST_KEY_LSApplicationCategoryType = "public.app-category.utilities";
				INFOPLIST_KEY_NSBluetoothAlwaysUsageDescription = "This app uses Bluetooth to discover and connect with nearby peers.";
				INFOPLIST_KEY_NSLocalNetworkUsageDescription = "This app needs access to the local network to find and connect with nearby devices.";
				INFOPLIST_KEY_NSMicrophoneUsageDescription = "his app needs access to your microphone to record audio for translation.";
				INFOPLIST_KEY_NSNearbyInteractionUsageDescription = "Peer-to-peer translation uses nearby radios to exchange text.";
				INFOPLIST_KEY_NSSpeechRecognitionUsageDescription = "This app needs to recgonize speech to work";
				INFOPLIST_KEY_UIApplicationSupportsIndirectInputEvents = YES;
				INFOPLIST_KEY_UILaunchStoryboardName = LaunchScreen;
				INFOPLIST_KEY_UIMainStoryboardFile = Main;
				INFOPLIST_KEY_UISupportedInterfaceOrientations_iPad = "UIInterfaceOrientationPortrait UIInterfaceOrientationPortraitUpsideDown UIInterfaceOrientationLandscapeLeft UIInterfaceOrientationLandscapeRight";
				INFOPLIST_KEY_UISupportedInterfaceOrientations_iPhone = "UIInterfaceOrientationPortrait UIInterfaceOrientationLandscapeLeft UIInterfaceOrientationLandscapeRight";
				IPHONEOS_DEPLOYMENT_TARGET = 17.6;
				LD_RUNPATH_SEARCH_PATHS = (
					"$(inherited)",
					"@executable_path/Frameworks",
				);
				MARKETING_VERSION = 1.2;
				PRODUCT_BUNDLE_IDENTIFIER = eWonic.eWonicAppFinal;
				PRODUCT_NAME = "$(TARGET_NAME)";
				SWIFT_EMIT_LOC_STRINGS = YES;
				SWIFT_VERSION = 5.0;
				TARGETED_DEVICE_FAMILY = "1,2";
			};
			name = Release;
		};
		1C46D6182DDA85410046F66D /* Debug */ = {
			isa = XCBuildConfiguration;
			baseConfigurationReferenceAnchor = 1C46D5EE2DDA85400046F66D /* eWonicApp */;
			baseConfigurationReferenceRelativePath = Secrets.xcconfig;
			buildSettings = {
				ALWAYS_SEARCH_USER_PATHS = NO;
				ASSETCATALOG_COMPILER_GENERATE_SWIFT_ASSET_SYMBOL_EXTENSIONS = YES;
				AZ_REGION = "$(AZ_REGION)\n";
				AZ_SUBSCRIPTION_KEY = "$(AZ_SUBSCRIPTION_KEY)\n";
				CLANG_ANALYZER_NONNULL = YES;
				CLANG_ANALYZER_NUMBER_OBJECT_CONVERSION = YES_AGGRESSIVE;
				CLANG_CXX_LANGUAGE_STANDARD = "gnu++20";
				CLANG_ENABLE_MODULES = YES;
				CLANG_ENABLE_OBJC_ARC = YES;
				CLANG_ENABLE_OBJC_WEAK = YES;
				CLANG_WARN_BLOCK_CAPTURE_AUTORELEASING = YES;
				CLANG_WARN_BOOL_CONVERSION = YES;
				CLANG_WARN_COMMA = YES;
				CLANG_WARN_CONSTANT_CONVERSION = YES;
				CLANG_WARN_DEPRECATED_OBJC_IMPLEMENTATIONS = YES;
				CLANG_WARN_DIRECT_OBJC_ISA_USAGE = YES_ERROR;
				CLANG_WARN_DOCUMENTATION_COMMENTS = YES;
				CLANG_WARN_EMPTY_BODY = YES;
				CLANG_WARN_ENUM_CONVERSION = YES;
				CLANG_WARN_INFINITE_RECURSION = YES;
				CLANG_WARN_INT_CONVERSION = YES;
				CLANG_WARN_NON_LITERAL_NULL_CONVERSION = YES;
				CLANG_WARN_OBJC_IMPLICIT_RETAIN_SELF = YES;
				CLANG_WARN_OBJC_LITERAL_CONVERSION = YES;
				CLANG_WARN_OBJC_ROOT_CLASS = YES_ERROR;
				CLANG_WARN_QUOTED_INCLUDE_IN_FRAMEWORK_HEADER = YES;
				CLANG_WARN_RANGE_LOOP_ANALYSIS = YES;
				CLANG_WARN_STRICT_PROTOTYPES = YES;
				CLANG_WARN_SUSPICIOUS_MOVE = YES;
				CLANG_WARN_UNGUARDED_AVAILABILITY = YES_AGGRESSIVE;
				CLANG_WARN_UNREACHABLE_CODE = YES;
				CLANG_WARN__DUPLICATE_METHOD_MATCH = YES;
				COPY_PHASE_STRIP = NO;
				DEBUG_INFORMATION_FORMAT = dwarf;
				DEVELOPMENT_TEAM = RYRU58336F;
				ENABLE_STRICT_OBJC_MSGSEND = YES;
				ENABLE_TESTABILITY = YES;
				ENABLE_USER_SCRIPT_SANDBOXING = YES;
				GCC_C_LANGUAGE_STANDARD = gnu17;
				GCC_DYNAMIC_NO_PIC = NO;
				GCC_NO_COMMON_BLOCKS = YES;
				GCC_OPTIMIZATION_LEVEL = 0;
				GCC_PREPROCESSOR_DEFINITIONS = (
					"DEBUG=1",
					"$(inherited)",
				);
				GCC_WARN_64_TO_32_BIT_CONVERSION = YES;
				GCC_WARN_ABOUT_RETURN_TYPE = YES_ERROR;
				GCC_WARN_UNDECLARED_SELECTOR = YES;
				GCC_WARN_UNINITIALIZED_AUTOS = YES_AGGRESSIVE;
				GCC_WARN_UNUSED_FUNCTION = YES;
				GCC_WARN_UNUSED_VARIABLE = YES;
				IPHONEOS_DEPLOYMENT_TARGET = 18.4;
				LOCALIZATION_PREFERS_STRING_CATALOGS = YES;
				MTL_ENABLE_DEBUG_INFO = INCLUDE_SOURCE;
				MTL_FAST_MATH = YES;
				ONLY_ACTIVE_ARCH = YES;
				SDKROOT = iphoneos;
				SWIFT_ACTIVE_COMPILATION_CONDITIONS = "DEBUG $(inherited)";
				SWIFT_OPTIMIZATION_LEVEL = "-Onone";
			};
			name = Debug;
		};
		1C46D6192DDA85410046F66D /* Release */ = {
			isa = XCBuildConfiguration;
			baseConfigurationReferenceAnchor = 1C46D5EE2DDA85400046F66D /* eWonicApp */;
			baseConfigurationReferenceRelativePath = Secrets.xcconfig;
			buildSettings = {
				ALWAYS_SEARCH_USER_PATHS = NO;
				ASSETCATALOG_COMPILER_GENERATE_SWIFT_ASSET_SYMBOL_EXTENSIONS = YES;
				AZ_REGION = "$(AZ_REGION)\n";
				AZ_SUBSCRIPTION_KEY = "$(AZ_SUBSCRIPTION_KEY)\n";
				CLANG_ANALYZER_NONNULL = YES;
				CLANG_ANALYZER_NUMBER_OBJECT_CONVERSION = YES_AGGRESSIVE;
				CLANG_CXX_LANGUAGE_STANDARD = "gnu++20";
				CLANG_ENABLE_MODULES = YES;
				CLANG_ENABLE_OBJC_ARC = YES;
				CLANG_ENABLE_OBJC_WEAK = YES;
				CLANG_WARN_BLOCK_CAPTURE_AUTORELEASING = YES;
				CLANG_WARN_BOOL_CONVERSION = YES;
				CLANG_WARN_COMMA = YES;
				CLANG_WARN_CONSTANT_CONVERSION = YES;
				CLANG_WARN_DEPRECATED_OBJC_IMPLEMENTATIONS = YES;
				CLANG_WARN_DIRECT_OBJC_ISA_USAGE = YES_ERROR;
				CLANG_WARN_DOCUMENTATION_COMMENTS = YES;
				CLANG_WARN_EMPTY_BODY = YES;
				CLANG_WARN_ENUM_CONVERSION = YES;
				CLANG_WARN_INFINITE_RECURSION = YES;
				CLANG_WARN_INT_CONVERSION = YES;
				CLANG_WARN_NON_LITERAL_NULL_CONVERSION = YES;
				CLANG_WARN_OBJC_IMPLICIT_RETAIN_SELF = YES;
				CLANG_WARN_OBJC_LITERAL_CONVERSION = YES;
				CLANG_WARN_OBJC_ROOT_CLASS = YES_ERROR;
				CLANG_WARN_QUOTED_INCLUDE_IN_FRAMEWORK_HEADER = YES;
				CLANG_WARN_RANGE_LOOP_ANALYSIS = YES;
				CLANG_WARN_STRICT_PROTOTYPES = YES;
				CLANG_WARN_SUSPICIOUS_MOVE = YES;
				CLANG_WARN_UNGUARDED_AVAILABILITY = YES_AGGRESSIVE;
				CLANG_WARN_UNREACHABLE_CODE = YES;
				CLANG_WARN__DUPLICATE_METHOD_MATCH = YES;
				COPY_PHASE_STRIP = NO;
				DEBUG_INFORMATION_FORMAT = "dwarf-with-dsym";
				DEVELOPMENT_TEAM = RYRU58336F;
				ENABLE_NS_ASSERTIONS = NO;
				ENABLE_STRICT_OBJC_MSGSEND = YES;
				ENABLE_USER_SCRIPT_SANDBOXING = YES;
				GCC_C_LANGUAGE_STANDARD = gnu17;
				GCC_NO_COMMON_BLOCKS = YES;
				GCC_WARN_64_TO_32_BIT_CONVERSION = YES;
				GCC_WARN_ABOUT_RETURN_TYPE = YES_ERROR;
				GCC_WARN_UNDECLARED_SELECTOR = YES;
				GCC_WARN_UNINITIALIZED_AUTOS = YES_AGGRESSIVE;
				GCC_WARN_UNUSED_FUNCTION = YES;
				GCC_WARN_UNUSED_VARIABLE = YES;
				IPHONEOS_DEPLOYMENT_TARGET = 18.4;
				LOCALIZATION_PREFERS_STRING_CATALOGS = YES;
				MTL_ENABLE_DEBUG_INFO = NO;
				MTL_FAST_MATH = YES;
				SDKROOT = iphoneos;
				SWIFT_COMPILATION_MODE = wholemodule;
				VALIDATE_PRODUCT = YES;
			};
			name = Release;
		};
		1C46D61B2DDA85410046F66D /* Debug */ = {
			isa = XCBuildConfiguration;
			baseConfigurationReference = E3C68EBDE5AD82FCB4C2C8C8 /* Pods-eWonicAppTests.debug.xcconfig */;
			buildSettings = {
				BUNDLE_LOADER = "$(TEST_HOST)";
				CODE_SIGN_STYLE = Automatic;
				CURRENT_PROJECT_VERSION = 1;
				DEVELOPMENT_TEAM = RYRU58336F;
				ENABLE_USER_SCRIPT_SANDBOXING = NO;
				GENERATE_INFOPLIST_FILE = YES;
				IPHONEOS_DEPLOYMENT_TARGET = 18.4;
				MARKETING_VERSION = 1.0;
				PRODUCT_BUNDLE_IDENTIFIER = eWonic.eWonicAppTests;
				PRODUCT_NAME = "$(TARGET_NAME)";
				SWIFT_EMIT_LOC_STRINGS = NO;
				SWIFT_VERSION = 5.0;
				TARGETED_DEVICE_FAMILY = "1,2";
				TEST_HOST = "$(BUILT_PRODUCTS_DIR)/eWonicApp.app/$(BUNDLE_EXECUTABLE_FOLDER_PATH)/eWonicApp";
			};
			name = Debug;
		};
		1C46D61C2DDA85410046F66D /* Release */ = {
			isa = XCBuildConfiguration;
			baseConfigurationReference = 7AB43F22F141D7BD8266D5FB /* Pods-eWonicAppTests.release.xcconfig */;
			buildSettings = {
				BUNDLE_LOADER = "$(TEST_HOST)";
				CODE_SIGN_STYLE = Automatic;
				CURRENT_PROJECT_VERSION = 1;
				DEVELOPMENT_TEAM = RYRU58336F;
				ENABLE_USER_SCRIPT_SANDBOXING = NO;
				GENERATE_INFOPLIST_FILE = YES;
				IPHONEOS_DEPLOYMENT_TARGET = 18.4;
				MARKETING_VERSION = 1.0;
				PRODUCT_BUNDLE_IDENTIFIER = eWonic.eWonicAppTests;
				PRODUCT_NAME = "$(TARGET_NAME)";
				SWIFT_EMIT_LOC_STRINGS = NO;
				SWIFT_VERSION = 5.0;
				TARGETED_DEVICE_FAMILY = "1,2";
				TEST_HOST = "$(BUILT_PRODUCTS_DIR)/eWonicApp.app/$(BUNDLE_EXECUTABLE_FOLDER_PATH)/eWonicApp";
			};
			name = Release;
		};
		1C46D61E2DDA85410046F66D /* Debug */ = {
			isa = XCBuildConfiguration;
			baseConfigurationReference = 601F316D57A325743FE9C3C0 /* Pods-eWonicAppUITests.debug.xcconfig */;
			buildSettings = {
				CODE_SIGN_STYLE = Automatic;
				CURRENT_PROJECT_VERSION = 1;
				DEVELOPMENT_TEAM = RYRU58336F;
				ENABLE_USER_SCRIPT_SANDBOXING = NO;
				GENERATE_INFOPLIST_FILE = YES;
				MARKETING_VERSION = 1.0;
				PRODUCT_BUNDLE_IDENTIFIER = eWonic.eWonicAppUITests;
				PRODUCT_NAME = "$(TARGET_NAME)";
				SWIFT_EMIT_LOC_STRINGS = NO;
				SWIFT_VERSION = 5.0;
				TARGETED_DEVICE_FAMILY = "1,2";
				TEST_TARGET_NAME = eWonicApp;
			};
			name = Debug;
		};
		1C46D61F2DDA85410046F66D /* Release */ = {
			isa = XCBuildConfiguration;
			baseConfigurationReference = BDA2495CF5A31A2DD9A71D67 /* Pods-eWonicAppUITests.release.xcconfig */;
			buildSettings = {
				CODE_SIGN_STYLE = Automatic;
				CURRENT_PROJECT_VERSION = 1;
				DEVELOPMENT_TEAM = RYRU58336F;
				ENABLE_USER_SCRIPT_SANDBOXING = NO;
				GENERATE_INFOPLIST_FILE = YES;
				MARKETING_VERSION = 1.0;
				PRODUCT_BUNDLE_IDENTIFIER = eWonic.eWonicAppUITests;
				PRODUCT_NAME = "$(TARGET_NAME)";
				SWIFT_EMIT_LOC_STRINGS = NO;
				SWIFT_VERSION = 5.0;
				TARGETED_DEVICE_FAMILY = "1,2";
				TEST_TARGET_NAME = eWonicApp;
			};
			name = Release;
		};
/* End XCBuildConfiguration section */

/* Begin XCConfigurationList section */
		1C46D5E72DDA85400046F66D /* Build configuration list for PBXProject "eWonicApp" */ = {
			isa = XCConfigurationList;
			buildConfigurations = (
				1C46D6182DDA85410046F66D /* Debug */,
				1C46D6192DDA85410046F66D /* Release */,
			);
			defaultConfigurationIsVisible = 0;
			defaultConfigurationName = Release;
		};
		1C46D6152DDA85410046F66D /* Build configuration list for PBXNativeTarget "eWonicApp" */ = {
			isa = XCConfigurationList;
			buildConfigurations = (
				1C46D6162DDA85410046F66D /* Debug */,
				1C46D6172DDA85410046F66D /* Release */,
			);
			defaultConfigurationIsVisible = 0;
			defaultConfigurationName = Release;
		};
		1C46D61A2DDA85410046F66D /* Build configuration list for PBXNativeTarget "eWonicAppTests" */ = {
			isa = XCConfigurationList;
			buildConfigurations = (
				1C46D61B2DDA85410046F66D /* Debug */,
				1C46D61C2DDA85410046F66D /* Release */,
			);
			defaultConfigurationIsVisible = 0;
			defaultConfigurationName = Release;
		};
		1C46D61D2DDA85410046F66D /* Build configuration list for PBXNativeTarget "eWonicAppUITests" */ = {
			isa = XCConfigurationList;
			buildConfigurations = (
				1C46D61E2DDA85410046F66D /* Debug */,
				1C46D61F2DDA85410046F66D /* Release */,
			);
			defaultConfigurationIsVisible = 0;
			defaultConfigurationName = Release;
		};
/* End XCConfigurationList section */
	};
	rootObject = 1C46D5E42DDA85400046F66D /* Project object */;
}
